
Microsoft Visual Studio Solution File, Format Version 12.00
# Visual Studio Version 17
VisualStudioVersion = 17.2.32630.192
MinimumVisualStudioVersion = 10.0.40219.1
Project("{FAE04EC0-301F-11D3-BF4B-00C04F79EFBC}") = "EZ-Teller-Prototype", "EZ-Teller-Prototype\EZ-Teller-Prototype.csproj", "{9F6AA7FF-B37F-4F55-A573-56E08317ACF9}"
EndProject
Global
	GlobalSection(SolutionConfigurationPlatforms) = preSolution
		Debug|Any CPU = Debug|Any CPU
		Release|Any CPU = Release|Any CPU
	EndGlobalSection
	GlobalSection(ProjectConfigurationPlatforms) = postSolution
		{9F6AA7FF-B37F-4F55-A573-56E08317ACF9}.Debug|Any CPU.ActiveCfg = Debug|Any CPU
		{9F6AA7FF-B37F-4F55-A573-56E08317ACF9}.Debug|Any CPU.Build.0 = Debug|Any CPU
		{9F6AA7FF-B37F-4F55-A573-56E08317ACF9}.Release|Any CPU.ActiveCfg = Release|Any CPU
		{9F6AA7FF-B37F-4F55-A573-56E08317ACF9}.Release|Any CPU.Build.0 = Release|Any CPU
	EndGlobalSection
	GlobalSection(SolutionProperties) = preSolution
		HideSolutionNode = FALSE
	EndGlobalSection
	GlobalSection(ExtensibilityGlobals) = postSolution
		SolutionGuid = {C7C3D0A3-C33A-4866-9E01-5957803C4832}
	EndGlobalSection
EndGlobal
